
Microsoft Visual Studio Solution File, Format Version 12.00
# Visual Studio Version 17
VisualStudioVersion = 17.0.31912.275
MinimumVisualStudioVersion = 10.0.40219.1
Project("{FAE04EC0-301F-11D3-BF4B-00C04F79EFBC}") = "CVsite", "CVSite\CVsite.csproj", "{BE554FA6-1B11-424C-889D-1F68CEC1C3A2}"
EndProject
Project("{FAE04EC0-301F-11D3-BF4B-00C04F79EFBC}") = "Data", "Data\Data.csproj", "{79415D17-CBC7-4400-837C-DA4330CB1833}"
EndProject
Project("{FAE04EC0-301F-11D3-BF4B-00C04F79EFBC}") = "Services", "Services\Services.csproj", "{0328657E-FC41-4CFA-823C-5A77DCF7877F}"
EndProject
Project("{FAE04EC0-301F-11D3-BF4B-00C04F79EFBC}") = "Models", "Models\Models.csproj", "{6F3D155A-5145-4325-8A27-03C391BB8A13}"
EndProject
Global
	GlobalSection(SolutionConfigurationPlatforms) = preSolution
		Debug|Any CPU = Debug|Any CPU
		Release|Any CPU = Release|Any CPU
	EndGlobalSection
	GlobalSection(ProjectConfigurationPlatforms) = postSolution
		{BE554FA6-1B11-424C-889D-1F68CEC1C3A2}.Debug|Any CPU.ActiveCfg = Debug|Any CPU
		{BE554FA6-1B11-424C-889D-1F68CEC1C3A2}.Debug|Any CPU.Build.0 = Debug|Any CPU
		{BE554FA6-1B11-424C-889D-1F68CEC1C3A2}.Release|Any CPU.ActiveCfg = Release|Any CPU
		{BE554FA6-1B11-424C-889D-1F68CEC1C3A2}.Release|Any CPU.Build.0 = Release|Any CPU
		{79415D17-CBC7-4400-837C-DA4330CB1833}.Debug|Any CPU.ActiveCfg = Debug|Any CPU
		{79415D17-CBC7-4400-837C-DA4330CB1833}.Debug|Any CPU.Build.0 = Debug|Any CPU
		{79415D17-CBC7-4400-837C-DA4330CB1833}.Release|Any CPU.ActiveCfg = Release|Any CPU
		{79415D17-CBC7-4400-837C-DA4330CB1833}.Release|Any CPU.Build.0 = Release|Any CPU
		{0328657E-FC41-4CFA-823C-5A77DCF7877F}.Debug|Any CPU.ActiveCfg = Debug|Any CPU
		{0328657E-FC41-4CFA-823C-5A77DCF7877F}.Debug|Any CPU.Build.0 = Debug|Any CPU
		{0328657E-FC41-4CFA-823C-5A77DCF7877F}.Release|Any CPU.ActiveCfg = Release|Any CPU
		{0328657E-FC41-4CFA-823C-5A77DCF7877F}.Release|Any CPU.Build.0 = Release|Any CPU
		{6F3D155A-5145-4325-8A27-03C391BB8A13}.Debug|Any CPU.ActiveCfg = Debug|Any CPU
		{6F3D155A-5145-4325-8A27-03C391BB8A13}.Debug|Any CPU.Build.0 = Debug|Any CPU
		{6F3D155A-5145-4325-8A27-03C391BB8A13}.Release|Any CPU.ActiveCfg = Release|Any CPU
		{6F3D155A-5145-4325-8A27-03C391BB8A13}.Release|Any CPU.Build.0 = Release|Any CPU
	EndGlobalSection
	GlobalSection(SolutionProperties) = preSolution
		HideSolutionNode = FALSE
	EndGlobalSection
	GlobalSection(ExtensibilityGlobals) = postSolution
		SolutionGuid = {6B76E752-BE19-4038-8FCB-181398F3FBC0}
	EndGlobalSection
EndGlobal
